
Microsoft Visual Studio Solution File, Format Version 12.00
# Visual Studio Version 17
VisualStudioVersion = 17.13.35828.75 d17.13
MinimumVisualStudioVersion = 10.0.40219.1
Project("{8BC9CEB8-8B4A-11D0-8D11-00A0C91BC942}") = "Vulkan_Multi-Threaded_SSGI", "Vulkan_Multi-Threaded_SSGI\Vulkan_Multi-Threaded_SSGI.vcxproj", "{D6F684BF-FB4A-4F85-8F68-94FAA6DC44FF}"
EndProject
Global
	GlobalSection(SolutionConfigurationPlatforms) = preSolution
		Debug|x64 = Debug|x64
		Debug|x86 = Debug|x86
		Release|x64 = Release|x64
		Release|x86 = Release|x86
	EndGlobalSection
	GlobalSection(ProjectConfigurationPlatforms) = postSolution
		{D6F684BF-FB4A-4F85-8F68-94FAA6DC44FF}.Debug|x64.ActiveCfg = Debug|x64
		{D6F684BF-FB4A-4F85-8F68-94FAA6DC44FF}.Debug|x64.Build.0 = Debug|x64
		{D6F684BF-FB4A-4F85-8F68-94FAA6DC44FF}.Debug|x86.ActiveCfg = Debug|Win32
		{D6F684BF-FB4A-4F85-8F68-94FAA6DC44FF}.Debug|x86.Build.0 = Debug|Win32
		{D6F684BF-FB4A-4F85-8F68-94FAA6DC44FF}.Release|x64.ActiveCfg = Release|x64
		{D6F684BF-FB4A-4F85-8F68-94FAA6DC44FF}.Release|x64.Build.0 = Release|x64
		{D6F684BF-FB4A-4F85-8F68-94FAA6DC44FF}.Release|x86.ActiveCfg = Release|Win32
		{D6F684BF-FB4A-4F85-8F68-94FAA6DC44FF}.Release|x86.Build.0 = Release|Win32
	EndGlobalSection
	GlobalSection(SolutionProperties) = preSolution
		HideSolutionNode = FALSE
	EndGlobalSection
	GlobalSection(ExtensibilityGlobals) = postSolution
		SolutionGuid = {9E3DAC73-2984-4D7E-A66B-DC352BB59DDE}
	EndGlobalSection
EndGlobal
